// !$*UTF8*$!
{
	archiveVersion = 1;
	classes = {
	};
	objectVersion = 46;
	objects = {

/* Begin PBXBuildFile section */
		8AD3F1991450956D004B4E84 /* UIKit.framework in Frameworks */ = {isa = PBXBuildFile; fileRef = 8AD3F1981450956D004B4E84 /* UIKit.framework */; };
		8AD3F19B1450956D004B4E84 /* Foundation.framework in Frameworks */ = {isa = PBXBuildFile; fileRef = 8AD3F19A1450956D004B4E84 /* Foundation.framework */; };
		8AD3F19D1450956D004B4E84 /* CoreGraphics.framework in Frameworks */ = {isa = PBXBuildFile; fileRef = 8AD3F19C1450956D004B4E84 /* CoreGraphics.framework */; };
		8AD3F19F1450956D004B4E84 /* GLKit.framework in Frameworks */ = {isa = PBXBuildFile; fileRef = 8AD3F19E1450956D004B4E84 /* GLKit.framework */; };
		8AD3F1A11450956D004B4E84 /* OpenGLES.framework in Frameworks */ = {isa = PBXBuildFile; fileRef = 8AD3F1A01450956D004B4E84 /* OpenGLES.framework */; };
		8AD3F1A71450956D004B4E84 /* InfoPlist.strings in Resources */ = {isa = PBXBuildFile; fileRef = 8AD3F1A51450956D004B4E84 /* InfoPlist.strings */; };
		8AD3F1A91450956D004B4E84 /* main.m in Sources */ = {isa = PBXBuildFile; fileRef = 8AD3F1A81450956D004B4E84 /* main.m */; };
		8AD3F1AD1450956D004B4E84 /* AppDelegate.m in Sources */ = {isa = PBXBuildFile; fileRef = 8AD3F1AC1450956D004B4E84 /* AppDelegate.m */; };
		8AD3F1B41450956D004B4E84 /* ViewController.m in Sources */ = {isa = PBXBuildFile; fileRef = 8AD3F1B31450956D004B4E84 /* ViewController.m */; };
		8AD3F1B71450956D004B4E84 /* ViewController.xib in Resources */ = {isa = PBXBuildFile; fileRef = 8AD3F1B51450956D004B4E84 /* ViewController.xib */; };
		8AD9D60A14599C220012C693 /* tex1.png in Resources */ = {isa = PBXBuildFile; fileRef = 8AD9D60914599C220012C693 /* tex1.png */; };
		8AD9D60E14599F220012C693 /* tex3.png in Resources */ = {isa = PBXBuildFile; fileRef = 8AD9D60D14599F220012C693 /* tex3.png */; };
		8AD9D62A1459AD350012C693 /* tex2.png in Resources */ = {isa = PBXBuildFile; fileRef = 8AD9D6291459AD350012C693 /* tex2.png */; };
		8AD9D62E1459AE790012C693 /* tex4.png in Resources */ = {isa = PBXBuildFile; fileRef = 8AD9D62C1459AE790012C693 /* tex4.png */; };
		8AD9D62F1459AE790012C693 /* tex5.png in Resources */ = {isa = PBXBuildFile; fileRef = 8AD9D62D1459AE790012C693 /* tex5.png */; };
/* End PBXBuildFile section */

/* Begin PBXFileReference section */
		8AD3F1941450956D004B4E84 /* GLKitHelloWorld.app */ = {isa = PBXFileReference; explicitFileType = wrapper.application; includeInIndex = 0; path = GLKitHelloWorld.app; sourceTree = BUILT_PRODUCTS_DIR; };
		8AD3F1981450956D004B4E84 /* UIKit.framework */ = {isa = PBXFileReference; lastKnownFileType = wrapper.framework; name = UIKit.framework; path = System/Library/Frameworks/UIKit.framework; sourceTree = SDKROOT; };
		8AD3F19A1450956D004B4E84 /* Foundation.framework */ = {isa = PBXFileReference; lastKnownFileType = wrapper.framework; name = Foundation.framework; path = System/Library/Frameworks/Foundation.framework; sourceTree = SDKROOT; };
		8AD3F19C1450956D004B4E84 /* CoreGraphics.framework */ = {isa = PBXFileReference; lastKnownFileType = wrapper.framework; name = CoreGraphics.framework; path = System/Library/Frameworks/CoreGraphics.framework; sourceTree = SDKROOT; };
		8AD3F19E1450956D004B4E84 /* GLKit.framework */ = {isa = PBXFileReference; lastKnownFileType = wrapper.framework; name = GLKit.framework; path = System/Library/Frameworks/GLKit.framework; sourceTree = SDKROOT; };
		8AD3F1A01450956D004B4E84 /* OpenGLES.framework */ = {isa = PBXFileReference; lastKnownFileType = wrapper.framework; name = OpenGLES.framework; path = System/Library/Frameworks/OpenGLES.framework; sourceTree = SDKROOT; };
		8AD3F1A41450956D004B4E84 /* GLKitHelloWorld-Info.plist */ = {isa = PBXFileReference; lastKnownFileType = text.plist.xml; path = "GLKitHelloWorld-Info.plist"; sourceTree = "<group>"; };
		8AD3F1A61450956D004B4E84 /* en */ = {isa = PBXFileReference; lastKnownFileType = text.plist.strings; name = en; path = en.lproj/InfoPlist.strings; sourceTree = "<group>"; };
		8AD3F1A81450956D004B4E84 /* main.m */ = {isa = PBXFileReference; lastKnownFileType = sourcecode.c.objc; path = main.m; sourceTree = "<group>"; };
		8AD3F1AA1450956D004B4E84 /* GLKitHelloWorld-Prefix.pch */ = {isa = PBXFileReference; lastKnownFileType = sourcecode.c.h; path = "GLKitHelloWorld-Prefix.pch"; sourceTree = "<group>"; };
		8AD3F1AB1450956D004B4E84 /* AppDelegate.h */ = {isa = PBXFileReference; lastKnownFileType = sourcecode.c.h; path = AppDelegate.h; sourceTree = "<group>"; };
		8AD3F1AC1450956D004B4E84 /* AppDelegate.m */ = {isa = PBXFileReference; lastKnownFileType = sourcecode.c.objc; path = AppDelegate.m; sourceTree = "<group>"; };
		8AD3F1B21450956D004B4E84 /* ViewController.h */ = {isa = PBXFileReference; lastKnownFileType = sourcecode.c.h; path = ViewController.h; sourceTree = "<group>"; };
		8AD3F1B31450956D004B4E84 /* ViewController.m */ = {isa = PBXFileReference; lastKnownFileType = sourcecode.c.objc; path = ViewController.m; sourceTree = "<group>"; };
		8AD3F1B61450956D004B4E84 /* en */ = {isa = PBXFileReference; lastKnownFileType = file.xib; name = en; path = en.lproj/ViewController.xib; sourceTree = "<group>"; };
		8AD9D60914599C220012C693 /* tex1.png */ = {isa = PBXFileReference; lastKnownFileType = image.png; path = tex1.png; sourceTree = "<group>"; };
		8AD9D60D14599F220012C693 /* tex3.png */ = {isa = PBXFileReference; lastKnownFileType = image.png; path = tex3.png; sourceTree = "<group>"; };
		8AD9D6291459AD350012C693 /* tex2.png */ = {isa = PBXFileReference; lastKnownFileType = image.png; path = tex2.png; sourceTree = "<group>"; };
		8AD9D62C1459AE790012C693 /* tex4.png */ = {isa = PBXFileReference; lastKnownFileType = image.png; path = tex4.png; sourceTree = "<group>"; };
		8AD9D62D1459AE790012C693 /* tex5.png */ = {isa = PBXFileReference; lastKnownFileType = image.png; path = tex5.png; sourceTree = "<group>"; };
/* End PBXFileReference section */

/* Begin PBXFrameworksBuildPhase section */
		8AD3F1911450956D004B4E84 /* Frameworks */ = {
			isa = PBXFrameworksBuildPhase;
			buildActionMask = 2147483647;
			files = (
				8AD3F1991450956D004B4E84 /* UIKit.framework in Frameworks */,
				8AD3F19B1450956D004B4E84 /* Foundation.framework in Frameworks */,
				8AD3F19D1450956D004B4E84 /* CoreGraphics.framework in Frameworks */,
				8AD3F19F1450956D004B4E84 /* GLKit.framework in Frameworks */,
				8AD3F1A11450956D004B4E84 /* OpenGLES.framework in Frameworks */,
			);
			runOnlyForDeploymentPostprocessing = 0;
		};
/* End PBXFrameworksBuildPhase section */

/* Begin PBXGroup section */
		8AD3F1891450956D004B4E84 = {
			isa = PBXGroup;
			children = (
				8AD3F1A21450956D004B4E84 /* GLKitHelloWorld */,
				8AD3F1971450956D004B4E84 /* Frameworks */,
				8AD3F1951450956D004B4E84 /* Products */,
			);
			indentWidth = 2;
			sourceTree = "<group>";
			tabWidth = 2;
		};
		8AD3F1951450956D004B4E84 /* Products */ = {
			isa = PBXGroup;
			children = (
				8AD3F1941450956D004B4E84 /* GLKitHelloWorld.app */,
			);
			name = Products;
			sourceTree = "<group>";
		};
		8AD3F1971450956D004B4E84 /* Frameworks */ = {
			isa = PBXGroup;
			children = (
				8AD3F1981450956D004B4E84 /* UIKit.framework */,
				8AD3F19A1450956D004B4E84 /* Foundation.framework */,
				8AD3F19C1450956D004B4E84 /* CoreGraphics.framework */,
				8AD3F19E1450956D004B4E84 /* GLKit.framework */,
				8AD3F1A01450956D004B4E84 /* OpenGLES.framework */,
			);
			name = Frameworks;
			sourceTree = "<group>";
		};
		8AD3F1A21450956D004B4E84 /* GLKitHelloWorld */ = {
			isa = PBXGroup;
			children = (
				8AD3F1AB1450956D004B4E84 /* AppDelegate.h */,
				8AD3F1AC1450956D004B4E84 /* AppDelegate.m */,
				8AD3F1B21450956D004B4E84 /* ViewController.h */,
				8AD3F1B31450956D004B4E84 /* ViewController.m */,
				8AD3F1B51450956D004B4E84 /* ViewController.xib */,
				8AD3F1A31450956D004B4E84 /* Supporting Files */,
			);
			path = GLKitHelloWorld;
			sourceTree = "<group>";
		};
		8AD3F1A31450956D004B4E84 /* Supporting Files */ = {
			isa = PBXGroup;
			children = (
				8AD9D62D1459AE790012C693 /* tex5.png */,
				8AD9D62C1459AE790012C693 /* tex4.png */,
				8AD9D60D14599F220012C693 /* tex3.png */,
				8AD9D6291459AD350012C693 /* tex2.png */,
				8AD9D60914599C220012C693 /* tex1.png */,
				8AD3F1A41450956D004B4E84 /* GLKitHelloWorld-Info.plist */,
				8AD3F1A51450956D004B4E84 /* InfoPlist.strings */,
				8AD3F1A81450956D004B4E84 /* main.m */,
				8AD3F1AA1450956D004B4E84 /* GLKitHelloWorld-Prefix.pch */,
			);
			name = "Supporting Files";
			sourceTree = "<group>";
		};
/* End PBXGroup section */

/* Begin PBXNativeTarget section */
		8AD3F1931450956D004B4E84 /* GLKitHelloWorld */ = {
			isa = PBXNativeTarget;
			buildConfigurationList = 8AD3F1BA1450956D004B4E84 /* Build configuration list for PBXNativeTarget "GLKitHelloWorld" */;
			buildPhases = (
				8AD3F1901450956D004B4E84 /* Sources */,
				8AD3F1911450956D004B4E84 /* Frameworks */,
				8AD3F1921450956D004B4E84 /* Resources */,
			);
			buildRules = (
			);
			dependencies = (
			);
			name = GLKitHelloWorld;
			productName = GLKitHelloWorld;
			productReference = 8AD3F1941450956D004B4E84 /* GLKitHelloWorld.app */;
			productType = "com.apple.product-type.application";
		};
/* End PBXNativeTarget section */

/* Begin PBXProject section */
		8AD3F18B1450956D004B4E84 /* Project object */ = {
			isa = PBXProject;
			attributes = {
				LastUpgradeCheck = 0420;
			};
			buildConfigurationList = 8AD3F18E1450956D004B4E84 /* Build configuration list for PBXProject "GLKitHelloWorld" */;
			compatibilityVersion = "Xcode 3.2";
			developmentRegion = English;
			hasScannedForEncodings = 0;
			knownRegions = (
				en,
			);
			mainGroup = 8AD3F1891450956D004B4E84;
			productRefGroup = 8AD3F1951450956D004B4E84 /* Products */;
			projectDirPath = "";
			projectRoot = "";
			targets = (
				8AD3F1931450956D004B4E84 /* GLKitHelloWorld */,
			);
		};
/* End PBXProject section */

/* Begin PBXResourcesBuildPhase section */
		8AD3F1921450956D004B4E84 /* Resources */ = {
			isa = PBXResourcesBuildPhase;
			buildActionMask = 2147483647;
			files = (
				8AD3F1A71450956D004B4E84 /* InfoPlist.strings in Resources */,
				8AD3F1B71450956D004B4E84 /* ViewController.xib in Resources */,
				8AD9D60A14599C220012C693 /* tex1.png in Resources */,
				8AD9D60E14599F220012C693 /* tex3.png in Resources */,
				8AD9D62A1459AD350012C693 /* tex2.png in Resources */,
				8AD9D62E1459AE790012C693 /* tex4.png in Resources */,
				8AD9D62F1459AE790012C693 /* tex5.png in Resources */,
			);
			runOnlyForDeploymentPostprocessing = 0;
		};
/* End PBXResourcesBuildPhase section */

/* Begin PBXSourcesBuildPhase section */
		8AD3F1901450956D004B4E84 /* Sources */ = {
			isa = PBXSourcesBuildPhase;
			buildActionMask = 2147483647;
			files = (
				8AD3F1A91450956D004B4E84 /* main.m in Sources */,
				8AD3F1AD1450956D004B4E84 /* AppDelegate.m in Sources */,
				8AD3F1B41450956D004B4E84 /* ViewController.m in Sources */,
			);
			runOnlyForDeploymentPostprocessing = 0;
		};
/* End PBXSourcesBuildPhase section */

/* Begin PBXVariantGroup section */
		8AD3F1A51450956D004B4E84 /* InfoPlist.strings */ = {
			isa = PBXVariantGroup;
			children = (
				8AD3F1A61450956D004B4E84 /* en */,
			);
			name = InfoPlist.strings;
			sourceTree = "<group>";
		};
		8AD3F1B51450956D004B4E84 /* ViewController.xib */ = {
			isa = PBXVariantGroup;
			children = (
				8AD3F1B61450956D004B4E84 /* en */,
			);
			name = ViewController.xib;
			sourceTree = "<group>";
		};
/* End PBXVariantGroup section */

/* Begin XCBuildConfiguration section */
		8AD3F1B81450956D004B4E84 /* Debug */ = {
			isa = XCBuildConfiguration;
			buildSettings = {
				ALWAYS_SEARCH_USER_PATHS = NO;
				ARCHS = "$(ARCHS_STANDARD_32_BIT)";
				"CODE_SIGN_IDENTITY[sdk=iphoneos*]" = "iPhone Developer";
				COPY_PHASE_STRIP = NO;
				GCC_C_LANGUAGE_STANDARD = gnu99;
				GCC_DYNAMIC_NO_PIC = NO;
				GCC_OPTIMIZATION_LEVEL = 0;
				GCC_PREPROCESSOR_DEFINITIONS = (
					"DEBUG=1",
					"$(inherited)",
				);
				GCC_SYMBOLS_PRIVATE_EXTERN = NO;
				GCC_VERSION = com.apple.compilers.llvm.clang.1_0;
				GCC_WARN_ABOUT_MISSING_PROTOTYPES = YES;
				GCC_WARN_ABOUT_RETURN_TYPE = YES;
				GCC_WARN_UNUSED_VARIABLE = YES;
				IPHONEOS_DEPLOYMENT_TARGET = 5.0;
				SDKROOT = iphoneos;
				TARGETED_DEVICE_FAMILY = 2;
			};
			name = Debug;
		};
		8AD3F1B91450956D004B4E84 /* Release */ = {
			isa = XCBuildConfiguration;
			buildSettings = {
				ALWAYS_SEARCH_USER_PATHS = NO;
				ARCHS = "$(ARCHS_STANDARD_32_BIT)";
				"CODE_SIGN_IDENTITY[sdk=iphoneos*]" = "iPhone Developer";
				COPY_PHASE_STRIP = YES;
				GCC_C_LANGUAGE_STANDARD = gnu99;
				GCC_VERSION = com.apple.compilers.llvm.clang.1_0;
				GCC_WARN_ABOUT_MISSING_PROTOTYPES = YES;
				GCC_WARN_ABOUT_RETURN_TYPE = YES;
				GCC_WARN_UNUSED_VARIABLE = YES;
				IPHONEOS_DEPLOYMENT_TARGET = 5.0;
				OTHER_CFLAGS = "-DNS_BLOCK_ASSERTIONS=1";
				SDKROOT = iphoneos;
				TARGETED_DEVICE_FAMILY = 2;
				VALIDATE_PRODUCT = YES;
			};
			name = Release;
		};
		8AD3F1BB1450956D004B4E84 /* Debug */ = {
			isa = XCBuildConfiguration;
			buildSettings = {
				GCC_PRECOMPILE_PREFIX_HEADER = YES;
				GCC_PREFIX_HEADER = "GLKitHelloWorld/GLKitHelloWorld-Prefix.pch";
				"GCC_THUMB_SUPPORT[arch=armv6]" = "";
				INFOPLIST_FILE = "GLKitHelloWorld/GLKitHelloWorld-Info.plist";
				PRODUCT_NAME = "$(TARGET_NAME)";
				WRAPPER_EXTENSION = app;
			};
			name = Debug;
		};
		8AD3F1BC1450956D004B4E84 /* Release */ = {
			isa = XCBuildConfiguration;
			buildSettings = {
				GCC_PRECOMPILE_PREFIX_HEADER = YES;
				GCC_PREFIX_HEADER = "GLKitHelloWorld/GLKitHelloWorld-Prefix.pch";
				"GCC_THUMB_SUPPORT[arch=armv6]" = "";
				INFOPLIST_FILE = "GLKitHelloWorld/GLKitHelloWorld-Info.plist";
				PRODUCT_NAME = "$(TARGET_NAME)";
				WRAPPER_EXTENSION = app;
			};
			name = Release;
		};
/* End XCBuildConfiguration section */

/* Begin XCConfigurationList section */
		8AD3F18E1450956D004B4E84 /* Build configuration list for PBXProject "GLKitHelloWorld" */ = {
			isa = XCConfigurationList;
			buildConfigurations = (
				8AD3F1B81450956D004B4E84 /* Debug */,
				8AD3F1B91450956D004B4E84 /* Release */,
			);
			defaultConfigurationIsVisible = 0;
			defaultConfigurationName = Release;
		};
		8AD3F1BA1450956D004B4E84 /* Build configuration list for PBXNativeTarget "GLKitHelloWorld" */ = {
			isa = XCConfigurationList;
			buildConfigurations = (
				8AD3F1BB1450956D004B4E84 /* Debug */,
				8AD3F1BC1450956D004B4E84 /* Release */,
			);
			defaultConfigurationIsVisible = 0;
			defaultConfigurationName = Release;
		};
/* End XCConfigurationList section */
	};
	rootObject = 8AD3F18B1450956D004B4E84 /* Project object */;
}
